
Microsoft Visual Studio Solution File, Format Version 12.00
# Visual Studio 15
VisualStudioVersion = 15.0.28010.0
MinimumVisualStudioVersion = 10.0.40219.1
Project("{F2A71F9B-5D33-465A-A702-920D77279786}") = "DllReflect", "DllReflect\DllReflect.fsproj", "{05A2B280-3C35-467C-AE59-AC3C9E29E018}"
EndProject
Global
	GlobalSection(SolutionConfigurationPlatforms) = preSolution
		Debug|Any CPU = Debug|Any CPU
		Release|Any CPU = Release|Any CPU
	EndGlobalSection
	GlobalSection(ProjectConfigurationPlatforms) = postSolution
		{05A2B280-3C35-467C-AE59-AC3C9E29E018}.Debug|Any CPU.ActiveCfg = Debug|Any CPU
		{05A2B280-3C35-467C-AE59-AC3C9E29E018}.Debug|Any CPU.Build.0 = Debug|Any CPU
		{05A2B280-3C35-467C-AE59-AC3C9E29E018}.Release|Any CPU.ActiveCfg = Release|Any CPU
		{05A2B280-3C35-467C-AE59-AC3C9E29E018}.Release|Any CPU.Build.0 = Release|Any CPU
	EndGlobalSection
	GlobalSection(SolutionProperties) = preSolution
		HideSolutionNode = FALSE
	EndGlobalSection
	GlobalSection(ExtensibilityGlobals) = postSolution
		SolutionGuid = {D6C08F4E-C6E6-452D-ABD9-C793F2DE1D55}
	EndGlobalSection
EndGlobal
